
Microsoft Visual Studio Solution File, Format Version 12.00
# Visual Studio 14
VisualStudioVersion = 14.0.25420.1
MinimumVisualStudioVersion = 10.0.40219.1
Project("{8BB2217D-0F2D-49D1-97BC-3654ED321F3B}") = "Warden.Services.Operations", "Warden.Services.Operations\Warden.Services.Operations.xproj", "{F51685D8-4E16-495C-A003-822FCEDAD81D}"
EndProject
Project("{8BB2217D-0F2D-49D1-97BC-3654ED321F3B}") = "Warden.Services.Operations.Tests", "Warden.Services.Operations.Tests\Warden.Services.Operations.Tests.xproj", "{37C0991D-ACC5-4087-914E-B5FC91E98233}"
EndProject
Project("{8BB2217D-0F2D-49D1-97BC-3654ED321F3B}") = "Warden.Services.Operations.Tests.EndToEnd", "Warden.Services.Operations.Tests.EndToEnd\Warden.Services.Operations.Tests.EndToEnd.xproj", "{C7BCE0D1-A844-4CCE-A9CF-F50F7CF98851}"
EndProject
Project("{8BB2217D-0F2D-49D1-97BC-3654ED321F3B}") = "Warden.Services.Operations.Shared", "Warden.Services.Operations.Shared\Warden.Services.Operations.Shared.xproj", "{81DAC581-463A-40CA-86FD-A456ED209835}"
EndProject
Global
	GlobalSection(SolutionConfigurationPlatforms) = preSolution
		Debug|Any CPU = Debug|Any CPU
		Release|Any CPU = Release|Any CPU
	EndGlobalSection
	GlobalSection(ProjectConfigurationPlatforms) = postSolution
		{F51685D8-4E16-495C-A003-822FCEDAD81D}.Debug|Any CPU.ActiveCfg = Debug|Any CPU
		{F51685D8-4E16-495C-A003-822FCEDAD81D}.Debug|Any CPU.Build.0 = Debug|Any CPU
		{F51685D8-4E16-495C-A003-822FCEDAD81D}.Release|Any CPU.ActiveCfg = Release|Any CPU
		{F51685D8-4E16-495C-A003-822FCEDAD81D}.Release|Any CPU.Build.0 = Release|Any CPU
		{37C0991D-ACC5-4087-914E-B5FC91E98233}.Debug|Any CPU.ActiveCfg = Debug|Any CPU
		{37C0991D-ACC5-4087-914E-B5FC91E98233}.Debug|Any CPU.Build.0 = Debug|Any CPU
		{37C0991D-ACC5-4087-914E-B5FC91E98233}.Release|Any CPU.ActiveCfg = Release|Any CPU
		{37C0991D-ACC5-4087-914E-B5FC91E98233}.Release|Any CPU.Build.0 = Release|Any CPU
		{C7BCE0D1-A844-4CCE-A9CF-F50F7CF98851}.Debug|Any CPU.ActiveCfg = Debug|Any CPU
		{C7BCE0D1-A844-4CCE-A9CF-F50F7CF98851}.Debug|Any CPU.Build.0 = Debug|Any CPU
		{C7BCE0D1-A844-4CCE-A9CF-F50F7CF98851}.Release|Any CPU.ActiveCfg = Release|Any CPU
		{C7BCE0D1-A844-4CCE-A9CF-F50F7CF98851}.Release|Any CPU.Build.0 = Release|Any CPU
		{81DAC581-463A-40CA-86FD-A456ED209835}.Debug|Any CPU.ActiveCfg = Debug|Any CPU
		{81DAC581-463A-40CA-86FD-A456ED209835}.Debug|Any CPU.Build.0 = Debug|Any CPU
		{81DAC581-463A-40CA-86FD-A456ED209835}.Release|Any CPU.ActiveCfg = Release|Any CPU
		{81DAC581-463A-40CA-86FD-A456ED209835}.Release|Any CPU.Build.0 = Release|Any CPU
	EndGlobalSection
	GlobalSection(SolutionProperties) = preSolution
		HideSolutionNode = FALSE
	EndGlobalSection
EndGlobal
